// !$*UTF8*$!
{
	archiveVersion = 1;
	classes = {
	};
	objectVersion = 55;
	objects = {

/* Begin PBXBuildFile section */
		A2897C592834B06900E6B023 /* Service.swift in Sources */ = {isa = PBXBuildFile; fileRef = A2897C582834B06900E6B023 /* Service.swift */; };
		A2897C5B2834B08100E6B023 /* NetworkingProvider.swift in Sources */ = {isa = PBXBuildFile; fileRef = A2897C5A2834B08100E6B023 /* NetworkingProvider.swift */; };
		A2897C5F2834B19300E6B023 /* PokemonResponse.swift in Sources */ = {isa = PBXBuildFile; fileRef = A2897C5E2834B19300E6B023 /* PokemonResponse.swift */; };
		A2897C612834B23800E6B023 /* Pokemon.swift in Sources */ = {isa = PBXBuildFile; fileRef = A2897C602834B23800E6B023 /* Pokemon.swift */; };
		A2897C662834D56500E6B023 /* DetailsView.swift in Sources */ = {isa = PBXBuildFile; fileRef = A2897C652834D56500E6B023 /* DetailsView.swift */; };
		A2DCD0D9283409EC00A19C89 /* PokemonApp.swift in Sources */ = {isa = PBXBuildFile; fileRef = A2DCD0D8283409EC00A19C89 /* PokemonApp.swift */; };
		A2DCD0DB283409EC00A19C89 /* ContentView.swift in Sources */ = {isa = PBXBuildFile; fileRef = A2DCD0DA283409EC00A19C89 /* ContentView.swift */; };
		A2DCD0DD283409EE00A19C89 /* Assets.xcassets in Resources */ = {isa = PBXBuildFile; fileRef = A2DCD0DC283409EE00A19C89 /* Assets.xcassets */; };
		A2DCD0E0283409EE00A19C89 /* Preview Assets.xcassets in Resources */ = {isa = PBXBuildFile; fileRef = A2DCD0DF283409EE00A19C89 /* Preview Assets.xcassets */; };
		A2DCD0EA283409EE00A19C89 /* PokemonTests.swift in Sources */ = {isa = PBXBuildFile; fileRef = A2DCD0E9283409EE00A19C89 /* PokemonTests.swift */; };
		A2DCD0F4283409EE00A19C89 /* PokemonUITests.swift in Sources */ = {isa = PBXBuildFile; fileRef = A2DCD0F3283409EE00A19C89 /* PokemonUITests.swift */; };
		A2DCD0F6283409EE00A19C89 /* PokemonUITestsLaunchTests.swift in Sources */ = {isa = PBXBuildFile; fileRef = A2DCD0F5283409EE00A19C89 /* PokemonUITestsLaunchTests.swift */; };
		A2DCD1042834286700A19C89 /* HomeView.swift in Sources */ = {isa = PBXBuildFile; fileRef = A2DCD1032834286700A19C89 /* HomeView.swift */; };
		A2E2FD4128351260002CECFF /* SpriteResponse.swift in Sources */ = {isa = PBXBuildFile; fileRef = A2E2FD4028351260002CECFF /* SpriteResponse.swift */; };
		A2E2FD4328352254002CECFF /* SpriteRowView.swift in Sources */ = {isa = PBXBuildFile; fileRef = A2E2FD4228352254002CECFF /* SpriteRowView.swift */; };
		A2E2FD46283559F8002CECFF /* APIServiceProtocol.swift in Sources */ = {isa = PBXBuildFile; fileRef = A2E2FD45283559F8002CECFF /* APIServiceProtocol.swift */; };
		A2E2FD48283566CA002CECFF /* PokemonSprites.swift in Sources */ = {isa = PBXBuildFile; fileRef = A2E2FD47283566CA002CECFF /* PokemonSprites.swift */; };
		A2E2FD4A283566ED002CECFF /* PokemonBreed.swift in Sources */ = {isa = PBXBuildFile; fileRef = A2E2FD49283566ED002CECFF /* PokemonBreed.swift */; };
		A2E2FD4C2835692F002CECFF /* PokemonBreedResponse.swift in Sources */ = {isa = PBXBuildFile; fileRef = A2E2FD4B2835692F002CECFF /* PokemonBreedResponse.swift */; };
/* End PBXBuildFile section */

/* Begin PBXContainerItemProxy section */
		A2DCD0E6283409EE00A19C89 /* PBXContainerItemProxy */ = {
			isa = PBXContainerItemProxy;
			containerPortal = A2DCD0CD283409EC00A19C89 /* Project object */;
			proxyType = 1;
			remoteGlobalIDString = A2DCD0D4283409EC00A19C89;
			remoteInfo = Pokemon;
		};
		A2DCD0F0283409EE00A19C89 /* PBXContainerItemProxy */ = {
			isa = PBXContainerItemProxy;
			containerPortal = A2DCD0CD283409EC00A19C89 /* Project object */;
			proxyType = 1;
			remoteGlobalIDString = A2DCD0D4283409EC00A19C89;
			remoteInfo = Pokemon;
		};
/* End PBXContainerItemProxy section */

/* Begin PBXFileReference section */
		A2897C582834B06900E6B023 /* Service.swift */ = {isa = PBXFileReference; lastKnownFileType = sourcecode.swift; path = Service.swift; sourceTree = "<group>"; };
		A2897C5A2834B08100E6B023 /* NetworkingProvider.swift */ = {isa = PBXFileReference; lastKnownFileType = sourcecode.swift; path = NetworkingProvider.swift; sourceTree = "<group>"; };
		A2897C5E2834B19300E6B023 /* PokemonResponse.swift */ = {isa = PBXFileReference; lastKnownFileType = sourcecode.swift; path = PokemonResponse.swift; sourceTree = "<group>"; };
		A2897C602834B23800E6B023 /* Pokemon.swift */ = {isa = PBXFileReference; lastKnownFileType = sourcecode.swift; path = Pokemon.swift; sourceTree = "<group>"; };
		A2897C652834D56500E6B023 /* DetailsView.swift */ = {isa = PBXFileReference; lastKnownFileType = sourcecode.swift; path = DetailsView.swift; sourceTree = "<group>"; };
		A2DCD0D5283409EC00A19C89 /* Pokemon.app */ = {isa = PBXFileReference; explicitFileType = wrapper.application; includeInIndex = 0; path = Pokemon.app; sourceTree = BUILT_PRODUCTS_DIR; };
		A2DCD0D8283409EC00A19C89 /* PokemonApp.swift */ = {isa = PBXFileReference; lastKnownFileType = sourcecode.swift; path = PokemonApp.swift; sourceTree = "<group>"; };
		A2DCD0DA283409EC00A19C89 /* ContentView.swift */ = {isa = PBXFileReference; lastKnownFileType = sourcecode.swift; path = ContentView.swift; sourceTree = "<group>"; };
		A2DCD0DC283409EE00A19C89 /* Assets.xcassets */ = {isa = PBXFileReference; lastKnownFileType = folder.assetcatalog; path = Assets.xcassets; sourceTree = "<group>"; };
		A2DCD0DF283409EE00A19C89 /* Preview Assets.xcassets */ = {isa = PBXFileReference; lastKnownFileType = folder.assetcatalog; path = "Preview Assets.xcassets"; sourceTree = "<group>"; };
		A2DCD0E5283409EE00A19C89 /* PokemonTests.xctest */ = {isa = PBXFileReference; explicitFileType = wrapper.cfbundle; includeInIndex = 0; path = PokemonTests.xctest; sourceTree = BUILT_PRODUCTS_DIR; };
		A2DCD0E9283409EE00A19C89 /* PokemonTests.swift */ = {isa = PBXFileReference; lastKnownFileType = sourcecode.swift; path = PokemonTests.swift; sourceTree = "<group>"; };
		A2DCD0EF283409EE00A19C89 /* PokemonUITests.xctest */ = {isa = PBXFileReference; explicitFileType = wrapper.cfbundle; includeInIndex = 0; path = PokemonUITests.xctest; sourceTree = BUILT_PRODUCTS_DIR; };
		A2DCD0F3283409EE00A19C89 /* PokemonUITests.swift */ = {isa = PBXFileReference; lastKnownFileType = sourcecode.swift; path = PokemonUITests.swift; sourceTree = "<group>"; };
		A2DCD0F5283409EE00A19C89 /* PokemonUITestsLaunchTests.swift */ = {isa = PBXFileReference; lastKnownFileType = sourcecode.swift; path = PokemonUITestsLaunchTests.swift; sourceTree = "<group>"; };
		A2DCD1032834286700A19C89 /* HomeView.swift */ = {isa = PBXFileReference; lastKnownFileType = sourcecode.swift; path = HomeView.swift; sourceTree = "<group>"; };
		A2E2FD4028351260002CECFF /* SpriteResponse.swift */ = {isa = PBXFileReference; lastKnownFileType = sourcecode.swift; path = SpriteResponse.swift; sourceTree = "<group>"; };
		A2E2FD4228352254002CECFF /* SpriteRowView.swift */ = {isa = PBXFileReference; lastKnownFileType = sourcecode.swift; path = SpriteRowView.swift; sourceTree = "<group>"; };
		A2E2FD45283559F8002CECFF /* APIServiceProtocol.swift */ = {isa = PBXFileReference; lastKnownFileType = sourcecode.swift; path = APIServiceProtocol.swift; sourceTree = "<group>"; };
		A2E2FD47283566CA002CECFF /* PokemonSprites.swift */ = {isa = PBXFileReference; lastKnownFileType = sourcecode.swift; path = PokemonSprites.swift; sourceTree = "<group>"; };
		A2E2FD49283566ED002CECFF /* PokemonBreed.swift */ = {isa = PBXFileReference; lastKnownFileType = sourcecode.swift; path = PokemonBreed.swift; sourceTree = "<group>"; };
		A2E2FD4B2835692F002CECFF /* PokemonBreedResponse.swift */ = {isa = PBXFileReference; lastKnownFileType = sourcecode.swift; path = PokemonBreedResponse.swift; sourceTree = "<group>"; };
/* End PBXFileReference section */

/* Begin PBXFrameworksBuildPhase section */
		A2DCD0D2283409EC00A19C89 /* Frameworks */ = {
			isa = PBXFrameworksBuildPhase;
			buildActionMask = 2147483647;
			files = (
			);
			runOnlyForDeploymentPostprocessing = 0;
		};
		A2DCD0E2283409EE00A19C89 /* Frameworks */ = {
			isa = PBXFrameworksBuildPhase;
			buildActionMask = 2147483647;
			files = (
			);
			runOnlyForDeploymentPostprocessing = 0;
		};
		A2DCD0EC283409EE00A19C89 /* Frameworks */ = {
			isa = PBXFrameworksBuildPhase;
			buildActionMask = 2147483647;
			files = (
			);
			runOnlyForDeploymentPostprocessing = 0;
		};
/* End PBXFrameworksBuildPhase section */

/* Begin PBXGroup section */
		A2897C552834B03000E6B023 /* Networking */ = {
			isa = PBXGroup;
			children = (
				A2E2FD44283559C7002CECFF /* Protocol */,
				A2897C572834B05200E6B023 /* Response */,
				A2897C562834B03700E6B023 /* Model */,
				A2897C582834B06900E6B023 /* Service.swift */,
				A2897C5A2834B08100E6B023 /* NetworkingProvider.swift */,
			);
			path = Networking;
			sourceTree = "<group>";
		};
		A2897C562834B03700E6B023 /* Model */ = {
			isa = PBXGroup;
			children = (
				A2897C602834B23800E6B023 /* Pokemon.swift */,
				A2E2FD47283566CA002CECFF /* PokemonSprites.swift */,
				A2E2FD49283566ED002CECFF /* PokemonBreed.swift */,
			);
			path = Model;
			sourceTree = "<group>";
		};
		A2897C572834B05200E6B023 /* Response */ = {
			isa = PBXGroup;
			children = (
				A2E2FD4028351260002CECFF /* SpriteResponse.swift */,
				A2897C5E2834B19300E6B023 /* PokemonResponse.swift */,
				A2E2FD4B2835692F002CECFF /* PokemonBreedResponse.swift */,
			);
			path = Response;
			sourceTree = "<group>";
		};
		A2897C5C2834B0FA00E6B023 /* Home */ = {
			isa = PBXGroup;
			children = (
				A2DCD105283428B900A19C89 /* View */,
				A2DCD1032834286700A19C89 /* HomeView.swift */,
			);
			path = Home;
			sourceTree = "<group>";
		};
		A2897C5D2834B10E00E6B023 /* Details */ = {
			isa = PBXGroup;
			children = (
				A2897C652834D56500E6B023 /* DetailsView.swift */,
			);
			path = Details;
			sourceTree = "<group>";
		};
		A2DCD0CC283409EC00A19C89 = {
			isa = PBXGroup;
			children = (
				A2DCD0D7283409EC00A19C89 /* Pokemon */,
				A2DCD0E8283409EE00A19C89 /* PokemonTests */,
				A2DCD0F2283409EE00A19C89 /* PokemonUITests */,
				A2DCD0D6283409EC00A19C89 /* Products */,
			);
			sourceTree = "<group>";
		};
		A2DCD0D6283409EC00A19C89 /* Products */ = {
			isa = PBXGroup;
			children = (
				A2DCD0D5283409EC00A19C89 /* Pokemon.app */,
				A2DCD0E5283409EE00A19C89 /* PokemonTests.xctest */,
				A2DCD0EF283409EE00A19C89 /* PokemonUITests.xctest */,
			);
			name = Products;
			sourceTree = "<group>";
		};
		A2DCD0D7283409EC00A19C89 /* Pokemon */ = {
			isa = PBXGroup;
			children = (
				A2897C552834B03000E6B023 /* Networking */,
				A2DCD1022834283A00A19C89 /* UI */,
				A2DCD0D8283409EC00A19C89 /* PokemonApp.swift */,
				A2DCD0DA283409EC00A19C89 /* ContentView.swift */,
				A2DCD0DC283409EE00A19C89 /* Assets.xcassets */,
				A2DCD0DE283409EE00A19C89 /* Preview Content */,
			);
			path = Pokemon;
			sourceTree = "<group>";
		};
		A2DCD0DE283409EE00A19C89 /* Preview Content */ = {
			isa = PBXGroup;
			children = (
				A2DCD0DF283409EE00A19C89 /* Preview Assets.xcassets */,
			);
			path = "Preview Content";
			sourceTree = "<group>";
		};
		A2DCD0E8283409EE00A19C89 /* PokemonTests */ = {
			isa = PBXGroup;
			children = (
				A2DCD0E9283409EE00A19C89 /* PokemonTests.swift */,
			);
			path = PokemonTests;
			sourceTree = "<group>";
		};
		A2DCD0F2283409EE00A19C89 /* PokemonUITests */ = {
			isa = PBXGroup;
			children = (
				A2DCD0F3283409EE00A19C89 /* PokemonUITests.swift */,
				A2DCD0F5283409EE00A19C89 /* PokemonUITestsLaunchTests.swift */,
			);
			path = PokemonUITests;
			sourceTree = "<group>";
		};
		A2DCD1022834283A00A19C89 /* UI */ = {
			isa = PBXGroup;
			children = (
				A2897C5D2834B10E00E6B023 /* Details */,
				A2897C5C2834B0FA00E6B023 /* Home */,
			);
			path = UI;
			sourceTree = "<group>";
		};
		A2DCD105283428B900A19C89 /* View */ = {
			isa = PBXGroup;
			children = (
				A2E2FD4228352254002CECFF /* SpriteRowView.swift */,
			);
			path = View;
			sourceTree = "<group>";
		};
		A2E2FD44283559C7002CECFF /* Protocol */ = {
			isa = PBXGroup;
			children = (
				A2E2FD45283559F8002CECFF /* APIServiceProtocol.swift */,
			);
			path = Protocol;
			sourceTree = "<group>";
		};
/* End PBXGroup section */

/* Begin PBXNativeTarget section */
		A2DCD0D4283409EC00A19C89 /* Pokemon */ = {
			isa = PBXNativeTarget;
			buildConfigurationList = A2DCD0F9283409EE00A19C89 /* Build configuration list for PBXNativeTarget "Pokemon" */;
			buildPhases = (
				A2DCD0D1283409EC00A19C89 /* Sources */,
				A2DCD0D2283409EC00A19C89 /* Frameworks */,
				A2DCD0D3283409EC00A19C89 /* Resources */,
			);
			buildRules = (
			);
			dependencies = (
			);
			name = Pokemon;
			productName = Pokemon;
			productReference = A2DCD0D5283409EC00A19C89 /* Pokemon.app */;
			productType = "com.apple.product-type.application";
		};
		A2DCD0E4283409EE00A19C89 /* PokemonTests */ = {
			isa = PBXNativeTarget;
			buildConfigurationList = A2DCD0FC283409EE00A19C89 /* Build configuration list for PBXNativeTarget "PokemonTests" */;
			buildPhases = (
				A2DCD0E1283409EE00A19C89 /* Sources */,
				A2DCD0E2283409EE00A19C89 /* Frameworks */,
				A2DCD0E3283409EE00A19C89 /* Resources */,
			);
			buildRules = (
			);
			dependencies = (
				A2DCD0E7283409EE00A19C89 /* PBXTargetDependency */,
			);
			name = PokemonTests;
			productName = PokemonTests;
			productReference = A2DCD0E5283409EE00A19C89 /* PokemonTests.xctest */;
			productType = "com.apple.product-type.bundle.unit-test";
		};
		A2DCD0EE283409EE00A19C89 /* PokemonUITests */ = {
			isa = PBXNativeTarget;
			buildConfigurationList = A2DCD0FF283409EE00A19C89 /* Build configuration list for PBXNativeTarget "PokemonUITests" */;
			buildPhases = (
				A2DCD0EB283409EE00A19C89 /* Sources */,
				A2DCD0EC283409EE00A19C89 /* Frameworks */,
				A2DCD0ED283409EE00A19C89 /* Resources */,
			);
			buildRules = (
			);
			dependencies = (
				A2DCD0F1283409EE00A19C89 /* PBXTargetDependency */,
			);
			name = PokemonUITests;
			productName = PokemonUITests;
			productReference = A2DCD0EF283409EE00A19C89 /* PokemonUITests.xctest */;
			productType = "com.apple.product-type.bundle.ui-testing";
		};
/* End PBXNativeTarget section */

/* Begin PBXProject section */
		A2DCD0CD283409EC00A19C89 /* Project object */ = {
			isa = PBXProject;
			attributes = {
				BuildIndependentTargetsInParallel = 1;
				LastSwiftUpdateCheck = 1320;
				LastUpgradeCheck = 1320;
				TargetAttributes = {
					A2DCD0D4283409EC00A19C89 = {
						CreatedOnToolsVersion = 13.2.1;
					};
					A2DCD0E4283409EE00A19C89 = {
						CreatedOnToolsVersion = 13.2.1;
						TestTargetID = A2DCD0D4283409EC00A19C89;
					};
					A2DCD0EE283409EE00A19C89 = {
						CreatedOnToolsVersion = 13.2.1;
						TestTargetID = A2DCD0D4283409EC00A19C89;
					};
				};
			};
			buildConfigurationList = A2DCD0D0283409EC00A19C89 /* Build configuration list for PBXProject "Pokemon" */;
			compatibilityVersion = "Xcode 13.0";
			developmentRegion = en;
			hasScannedForEncodings = 0;
			knownRegions = (
				en,
				Base,
			);
			mainGroup = A2DCD0CC283409EC00A19C89;
			productRefGroup = A2DCD0D6283409EC00A19C89 /* Products */;
			projectDirPath = "";
			projectRoot = "";
			targets = (
				A2DCD0D4283409EC00A19C89 /* Pokemon */,
				A2DCD0E4283409EE00A19C89 /* PokemonTests */,
				A2DCD0EE283409EE00A19C89 /* PokemonUITests */,
			);
		};
/* End PBXProject section */

/* Begin PBXResourcesBuildPhase section */
		A2DCD0D3283409EC00A19C89 /* Resources */ = {
			isa = PBXResourcesBuildPhase;
			buildActionMask = 2147483647;
			files = (
				A2DCD0E0283409EE00A19C89 /* Preview Assets.xcassets in Resources */,
				A2DCD0DD283409EE00A19C89 /* Assets.xcassets in Resources */,
			);
			runOnlyForDeploymentPostprocessing = 0;
		};
		A2DCD0E3283409EE00A19C89 /* Resources */ = {
			isa = PBXResourcesBuildPhase;
			buildActionMask = 2147483647;
			files = (
			);
			runOnlyForDeploymentPostprocessing = 0;
		};
		A2DCD0ED283409EE00A19C89 /* Resources */ = {
			isa = PBXResourcesBuildPhase;
			buildActionMask = 2147483647;
			files = (
			);
			runOnlyForDeploymentPostprocessing = 0;
		};
/* End PBXResourcesBuildPhase section */

/* Begin PBXSourcesBuildPhase section */
		A2DCD0D1283409EC00A19C89 /* Sources */ = {
			isa = PBXSourcesBuildPhase;
			buildActionMask = 2147483647;
			files = (
				A2897C5F2834B19300E6B023 /* PokemonResponse.swift in Sources */,
				A2E2FD4A283566ED002CECFF /* PokemonBreed.swift in Sources */,
				A2E2FD4128351260002CECFF /* SpriteResponse.swift in Sources */,
				A2E2FD48283566CA002CECFF /* PokemonSprites.swift in Sources */,
				A2897C5B2834B08100E6B023 /* NetworkingProvider.swift in Sources */,
				A2DCD0DB283409EC00A19C89 /* ContentView.swift in Sources */,
				A2E2FD4328352254002CECFF /* SpriteRowView.swift in Sources */,
				A2897C662834D56500E6B023 /* DetailsView.swift in Sources */,
				A2E2FD46283559F8002CECFF /* APIServiceProtocol.swift in Sources */,
				A2E2FD4C2835692F002CECFF /* PokemonBreedResponse.swift in Sources */,
				A2897C612834B23800E6B023 /* Pokemon.swift in Sources */,
				A2DCD0D9283409EC00A19C89 /* PokemonApp.swift in Sources */,
				A2DCD1042834286700A19C89 /* HomeView.swift in Sources */,
				A2897C592834B06900E6B023 /* Service.swift in Sources */,
			);
			runOnlyForDeploymentPostprocessing = 0;
		};
		A2DCD0E1283409EE00A19C89 /* Sources */ = {
			isa = PBXSourcesBuildPhase;
			buildActionMask = 2147483647;
			files = (
				A2DCD0EA283409EE00A19C89 /* PokemonTests.swift in Sources */,
			);
			runOnlyForDeploymentPostprocessing = 0;
		};
		A2DCD0EB283409EE00A19C89 /* Sources */ = {
			isa = PBXSourcesBuildPhase;
			buildActionMask = 2147483647;
			files = (
				A2DCD0F6283409EE00A19C89 /* PokemonUITestsLaunchTests.swift in Sources */,
				A2DCD0F4283409EE00A19C89 /* PokemonUITests.swift in Sources */,
			);
			runOnlyForDeploymentPostprocessing = 0;
		};
/* End PBXSourcesBuildPhase section */

/* Begin PBXTargetDependency section */
		A2DCD0E7283409EE00A19C89 /* PBXTargetDependency */ = {
			isa = PBXTargetDependency;
			target = A2DCD0D4283409EC00A19C89 /* Pokemon */;
			targetProxy = A2DCD0E6283409EE00A19C89 /* PBXContainerItemProxy */;
		};
		A2DCD0F1283409EE00A19C89 /* PBXTargetDependency */ = {
			isa = PBXTargetDependency;
			target = A2DCD0D4283409EC00A19C89 /* Pokemon */;
			targetProxy = A2DCD0F0283409EE00A19C89 /* PBXContainerItemProxy */;
		};
/* End PBXTargetDependency section */

/* Begin XCBuildConfiguration section */
		A2DCD0F7283409EE00A19C89 /* Debug */ = {
			isa = XCBuildConfiguration;
			buildSettings = {
				ALWAYS_SEARCH_USER_PATHS = NO;
				CLANG_ANALYZER_NONNULL = YES;
				CLANG_ANALYZER_NUMBER_OBJECT_CONVERSION = YES_AGGRESSIVE;
				CLANG_CXX_LANGUAGE_STANDARD = "gnu++17";
				CLANG_CXX_LIBRARY = "libc++";
				CLANG_ENABLE_MODULES = YES;
				CLANG_ENABLE_OBJC_ARC = YES;
				CLANG_ENABLE_OBJC_WEAK = YES;
				CLANG_WARN_BLOCK_CAPTURE_AUTORELEASING = YES;
				CLANG_WARN_BOOL_CONVERSION = YES;
				CLANG_WARN_COMMA = YES;
				CLANG_WARN_CONSTANT_CONVERSION = YES;
				CLANG_WARN_DEPRECATED_OBJC_IMPLEMENTATIONS = YES;
				CLANG_WARN_DIRECT_OBJC_ISA_USAGE = YES_ERROR;
				CLANG_WARN_DOCUMENTATION_COMMENTS = YES;
				CLANG_WARN_EMPTY_BODY = YES;
				CLANG_WARN_ENUM_CONVERSION = YES;
				CLANG_WARN_INFINITE_RECURSION = YES;
				CLANG_WARN_INT_CONVERSION = YES;
				CLANG_WARN_NON_LITERAL_NULL_CONVERSION = YES;
				CLANG_WARN_OBJC_IMPLICIT_RETAIN_SELF = YES;
				CLANG_WARN_OBJC_LITERAL_CONVERSION = YES;
				CLANG_WARN_OBJC_ROOT_CLASS = YES_ERROR;
				CLANG_WARN_QUOTED_INCLUDE_IN_FRAMEWORK_HEADER = YES;
				CLANG_WARN_RANGE_LOOP_ANALYSIS = YES;
				CLANG_WARN_STRICT_PROTOTYPES = YES;
				CLANG_WARN_SUSPICIOUS_MOVE = YES;
				CLANG_WARN_UNGUARDED_AVAILABILITY = YES_AGGRESSIVE;
				CLANG_WARN_UNREACHABLE_CODE = YES;
				CLANG_WARN__DUPLICATE_METHOD_MATCH = YES;
				COPY_PHASE_STRIP = NO;
				DEBUG_INFORMATION_FORMAT = dwarf;
				ENABLE_STRICT_OBJC_MSGSEND = YES;
				ENABLE_TESTABILITY = YES;
				GCC_C_LANGUAGE_STANDARD = gnu11;
				GCC_DYNAMIC_NO_PIC = NO;
				GCC_NO_COMMON_BLOCKS = YES;
				GCC_OPTIMIZATION_LEVEL = 0;
				GCC_PREPROCESSOR_DEFINITIONS = (
					"DEBUG=1",
					"$(inherited)",
				);
				GCC_WARN_64_TO_32_BIT_CONVERSION = YES;
				GCC_WARN_ABOUT_RETURN_TYPE = YES_ERROR;
				GCC_WARN_UNDECLARED_SELECTOR = YES;
				GCC_WARN_UNINITIALIZED_AUTOS = YES_AGGRESSIVE;
				GCC_WARN_UNUSED_FUNCTION = YES;
				GCC_WARN_UNUSED_VARIABLE = YES;
				IPHONEOS_DEPLOYMENT_TARGET = 15.2;
				MTL_ENABLE_DEBUG_INFO = INCLUDE_SOURCE;
				MTL_FAST_MATH = YES;
				ONLY_ACTIVE_ARCH = YES;
				SDKROOT = iphoneos;
				SWIFT_ACTIVE_COMPILATION_CONDITIONS = DEBUG;
				SWIFT_OPTIMIZATION_LEVEL = "-Onone";
			};
			name = Debug;
		};
		A2DCD0F8283409EE00A19C89 /* Release */ = {
			isa = XCBuildConfiguration;
			buildSettings = {
				ALWAYS_SEARCH_USER_PATHS = NO;
				CLANG_ANALYZER_NONNULL = YES;
				CLANG_ANALYZER_NUMBER_OBJECT_CONVERSION = YES_AGGRESSIVE;
				CLANG_CXX_LANGUAGE_STANDARD = "gnu++17";
				CLANG_CXX_LIBRARY = "libc++";
				CLANG_ENABLE_MODULES = YES;
				CLANG_ENABLE_OBJC_ARC = YES;
				CLANG_ENABLE_OBJC_WEAK = YES;
				CLANG_WARN_BLOCK_CAPTURE_AUTORELEASING = YES;
				CLANG_WARN_BOOL_CONVERSION = YES;
				CLANG_WARN_COMMA = YES;
				CLANG_WARN_CONSTANT_CONVERSION = YES;
				CLANG_WARN_DEPRECATED_OBJC_IMPLEMENTATIONS = YES;
				CLANG_WARN_DIRECT_OBJC_ISA_USAGE = YES_ERROR;
				CLANG_WARN_DOCUMENTATION_COMMENTS = YES;
				CLANG_WARN_EMPTY_BODY = YES;
				CLANG_WARN_ENUM_CONVERSION = YES;
				CLANG_WARN_INFINITE_RECURSION = YES;
				CLANG_WARN_INT_CONVERSION = YES;
				CLANG_WARN_NON_LITERAL_NULL_CONVERSION = YES;
				CLANG_WARN_OBJC_IMPLICIT_RETAIN_SELF = YES;
				CLANG_WARN_OBJC_LITERAL_CONVERSION = YES;
				CLANG_WARN_OBJC_ROOT_CLASS = YES_ERROR;
				CLANG_WARN_QUOTED_INCLUDE_IN_FRAMEWORK_HEADER = YES;
				CLANG_WARN_RANGE_LOOP_ANALYSIS = YES;
				CLANG_WARN_STRICT_PROTOTYPES = YES;
				CLANG_WARN_SUSPICIOUS_MOVE = YES;
				CLANG_WARN_UNGUARDED_AVAILABILITY = YES_AGGRESSIVE;
				CLANG_WARN_UNREACHABLE_CODE = YES;
				CLANG_WARN__DUPLICATE_METHOD_MATCH = YES;
				COPY_PHASE_STRIP = NO;
				DEBUG_INFORMATION_FORMAT = "dwarf-with-dsym";
				ENABLE_NS_ASSERTIONS = NO;
				ENABLE_STRICT_OBJC_MSGSEND = YES;
				GCC_C_LANGUAGE_STANDARD = gnu11;
				GCC_NO_COMMON_BLOCKS = YES;
				GCC_WARN_64_TO_32_BIT_CONVERSION = YES;
				GCC_WARN_ABOUT_RETURN_TYPE = YES_ERROR;
				GCC_WARN_UNDECLARED_SELECTOR = YES;
				GCC_WARN_UNINITIALIZED_AUTOS = YES_AGGRESSIVE;
				GCC_WARN_UNUSED_FUNCTION = YES;
				GCC_WARN_UNUSED_VARIABLE = YES;
				IPHONEOS_DEPLOYMENT_TARGET = 15.2;
				MTL_ENABLE_DEBUG_INFO = NO;
				MTL_FAST_MATH = YES;
				SDKROOT = iphoneos;
				SWIFT_COMPILATION_MODE = wholemodule;
				SWIFT_OPTIMIZATION_LEVEL = "-O";
				VALIDATE_PRODUCT = YES;
			};
			name = Release;
		};
		A2DCD0FA283409EE00A19C89 /* Debug */ = {
			isa = XCBuildConfiguration;
			buildSettings = {
				ASSETCATALOG_COMPILER_APPICON_NAME = AppIcon;
				ASSETCATALOG_COMPILER_GLOBAL_ACCENT_COLOR_NAME = AccentColor;
				CODE_SIGN_STYLE = Automatic;
				CURRENT_PROJECT_VERSION = 1;
				DEVELOPMENT_ASSET_PATHS = "\"Pokemon/Preview Content\"";
				DEVELOPMENT_TEAM = SWJ8BLCFFX;
				ENABLE_PREVIEWS = YES;
				GENERATE_INFOPLIST_FILE = YES;
				INFOPLIST_KEY_UIApplicationSceneManifest_Generation = YES;
				INFOPLIST_KEY_UIApplicationSupportsIndirectInputEvents = YES;
				INFOPLIST_KEY_UILaunchScreen_Generation = YES;
				INFOPLIST_KEY_UISupportedInterfaceOrientations_iPad = "UIInterfaceOrientationPortrait UIInterfaceOrientationPortraitUpsideDown UIInterfaceOrientationLandscapeLeft UIInterfaceOrientationLandscapeRight";
				INFOPLIST_KEY_UISupportedInterfaceOrientations_iPhone = "UIInterfaceOrientationPortrait UIInterfaceOrientationLandscapeLeft UIInterfaceOrientationLandscapeRight";
				LD_RUNPATH_SEARCH_PATHS = (
					"$(inherited)",
					"@executable_path/Frameworks",
				);
				MARKETING_VERSION = 1.0;
				PRODUCT_BUNDLE_IDENTIFIER = com.cagla.copuroglu.Pokemon;
				PRODUCT_NAME = "$(TARGET_NAME)";
				SWIFT_EMIT_LOC_STRINGS = YES;
				SWIFT_VERSION = 5.0;
				TARGETED_DEVICE_FAMILY = "1,2";
			};
			name = Debug;
		};
		A2DCD0FB283409EE00A19C89 /* Release */ = {
			isa = XCBuildConfiguration;
			buildSettings = {
				ASSETCATALOG_COMPILER_APPICON_NAME = AppIcon;
				ASSETCATALOG_COMPILER_GLOBAL_ACCENT_COLOR_NAME = AccentColor;
				CODE_SIGN_STYLE = Automatic;
				CURRENT_PROJECT_VERSION = 1;
				DEVELOPMENT_ASSET_PATHS = "\"Pokemon/Preview Content\"";
				DEVELOPMENT_TEAM = SWJ8BLCFFX;
				ENABLE_PREVIEWS = YES;
				GENERATE_INFOPLIST_FILE = YES;
				INFOPLIST_KEY_UIApplicationSceneManifest_Generation = YES;
				INFOPLIST_KEY_UIApplicationSupportsIndirectInputEvents = YES;
				INFOPLIST_KEY_UILaunchScreen_Generation = YES;
				INFOPLIST_KEY_UISupportedInterfaceOrientations_iPad = "UIInterfaceOrientationPortrait UIInterfaceOrientationPortraitUpsideDown UIInterfaceOrientationLandscapeLeft UIInterfaceOrientationLandscapeRight";
				INFOPLIST_KEY_UISupportedInterfaceOrientations_iPhone = "UIInterfaceOrientationPortrait UIInterfaceOrientationLandscapeLeft UIInterfaceOrientationLandscapeRight";
				LD_RUNPATH_SEARCH_PATHS = (
					"$(inherited)",
					"@executable_path/Frameworks",
				);
				MARKETING_VERSION = 1.0;
				PRODUCT_BUNDLE_IDENTIFIER = com.cagla.copuroglu.Pokemon;
				PRODUCT_NAME = "$(TARGET_NAME)";
				SWIFT_EMIT_LOC_STRINGS = YES;
				SWIFT_VERSION = 5.0;
				TARGETED_DEVICE_FAMILY = "1,2";
			};
			name = Release;
		};
		A2DCD0FD283409EE00A19C89 /* Debug */ = {
			isa = XCBuildConfiguration;
			buildSettings = {
				ALWAYS_EMBED_SWIFT_STANDARD_LIBRARIES = YES;
				BUNDLE_LOADER = "$(TEST_HOST)";
				CODE_SIGN_STYLE = Automatic;
				CURRENT_PROJECT_VERSION = 1;
				DEVELOPMENT_TEAM = SWJ8BLCFFX;
				GENERATE_INFOPLIST_FILE = YES;
				IPHONEOS_DEPLOYMENT_TARGET = 15.2;
				MARKETING_VERSION = 1.0;
				PRODUCT_BUNDLE_IDENTIFIER = com.cagla.copuroglu.PokemonTests;
				PRODUCT_NAME = "$(TARGET_NAME)";
				SWIFT_EMIT_LOC_STRINGS = NO;
				SWIFT_VERSION = 5.0;
				TARGETED_DEVICE_FAMILY = "1,2";
				TEST_HOST = "$(BUILT_PRODUCTS_DIR)/Pokemon.app/Pokemon";
			};
			name = Debug;
		};
		A2DCD0FE283409EE00A19C89 /* Release */ = {
			isa = XCBuildConfiguration;
			buildSettings = {
				ALWAYS_EMBED_SWIFT_STANDARD_LIBRARIES = YES;
				BUNDLE_LOADER = "$(TEST_HOST)";
				CODE_SIGN_STYLE = Automatic;
				CURRENT_PROJECT_VERSION = 1;
				DEVELOPMENT_TEAM = SWJ8BLCFFX;
				GENERATE_INFOPLIST_FILE = YES;
				IPHONEOS_DEPLOYMENT_TARGET = 15.2;
				MARKETING_VERSION = 1.0;
				PRODUCT_BUNDLE_IDENTIFIER = com.cagla.copuroglu.PokemonTests;
				PRODUCT_NAME = "$(TARGET_NAME)";
				SWIFT_EMIT_LOC_STRINGS = NO;
				SWIFT_VERSION = 5.0;
				TARGETED_DEVICE_FAMILY = "1,2";
				TEST_HOST = "$(BUILT_PRODUCTS_DIR)/Pokemon.app/Pokemon";
			};
			name = Release;
		};
		A2DCD100283409EE00A19C89 /* Debug */ = {
			isa = XCBuildConfiguration;
			buildSettings = {
				ALWAYS_EMBED_SWIFT_STANDARD_LIBRARIES = YES;
				CODE_SIGN_STYLE = Automatic;
				CURRENT_PROJECT_VERSION = 1;
				DEVELOPMENT_TEAM = SWJ8BLCFFX;
				GENERATE_INFOPLIST_FILE = YES;
				MARKETING_VERSION = 1.0;
				PRODUCT_BUNDLE_IDENTIFIER = com.cagla.copuroglu.PokemonUITests;
				PRODUCT_NAME = "$(TARGET_NAME)";
				SWIFT_EMIT_LOC_STRINGS = NO;
				SWIFT_VERSION = 5.0;
				TARGETED_DEVICE_FAMILY = "1,2";
				TEST_TARGET_NAME = Pokemon;
			};
			name = Debug;
		};
		A2DCD101283409EE00A19C89 /* Release */ = {
			isa = XCBuildConfiguration;
			buildSettings = {
				ALWAYS_EMBED_SWIFT_STANDARD_LIBRARIES = YES;
				CODE_SIGN_STYLE = Automatic;
				CURRENT_PROJECT_VERSION = 1;
				DEVELOPMENT_TEAM = SWJ8BLCFFX;
				GENERATE_INFOPLIST_FILE = YES;
				MARKETING_VERSION = 1.0;
				PRODUCT_BUNDLE_IDENTIFIER = com.cagla.copuroglu.PokemonUITests;
				PRODUCT_NAME = "$(TARGET_NAME)";
				SWIFT_EMIT_LOC_STRINGS = NO;
				SWIFT_VERSION = 5.0;
				TARGETED_DEVICE_FAMILY = "1,2";
				TEST_TARGET_NAME = Pokemon;
			};
			name = Release;
		};
/* End XCBuildConfiguration section */

/* Begin XCConfigurationList section */
		A2DCD0D0283409EC00A19C89 /* Build configuration list for PBXProject "Pokemon" */ = {
			isa = XCConfigurationList;
			buildConfigurations = (
				A2DCD0F7283409EE00A19C89 /* Debug */,
				A2DCD0F8283409EE00A19C89 /* Release */,
			);
			defaultConfigurationIsVisible = 0;
			defaultConfigurationName = Release;
		};
		A2DCD0F9283409EE00A19C89 /* Build configuration list for PBXNativeTarget "Pokemon" */ = {
			isa = XCConfigurationList;
			buildConfigurations = (
				A2DCD0FA283409EE00A19C89 /* Debug */,
				A2DCD0FB283409EE00A19C89 /* Release */,
			);
			defaultConfigurationIsVisible = 0;
			defaultConfigurationName = Release;
		};
		A2DCD0FC283409EE00A19C89 /* Build configuration list for PBXNativeTarget "PokemonTests" */ = {
			isa = XCConfigurationList;
			buildConfigurations = (
				A2DCD0FD283409EE00A19C89 /* Debug */,
				A2DCD0FE283409EE00A19C89 /* Release */,
			);
			defaultConfigurationIsVisible = 0;
			defaultConfigurationName = Release;
		};
		A2DCD0FF283409EE00A19C89 /* Build configuration list for PBXNativeTarget "PokemonUITests" */ = {
			isa = XCConfigurationList;
			buildConfigurations = (
				A2DCD100283409EE00A19C89 /* Debug */,
				A2DCD101283409EE00A19C89 /* Release */,
			);
			defaultConfigurationIsVisible = 0;
			defaultConfigurationName = Release;
		};
/* End XCConfigurationList section */
	};
	rootObject = A2DCD0CD283409EC00A19C89 /* Project object */;
}
